<?xml version="1.0" encoding="utf-8"?>
<Project ToolsVersion="4.0" xmlns="http://schemas.microsoft.com/developer/msbuild/2003">
  <ItemGroup>
    <ClCompile Include="src\config.cpp">
      <Filter>src</Filter>
    </ClCompile>
    <ClCompile Include="src\glad.c">
      <Filter>src</Filter>
    </ClCompile>
    <ClCompile Include="src\main.cpp">
      <Filter>src</Filter>
    </ClCompile>
    <ClCompile Include="src\view\shader.cpp">
      <Filter>src\view</Filter>
    </ClCompile>
    <ClCompile Include="src\systems\camera_system.cpp">
      <Filter>src\systems</Filter>
    </ClCompile>
    <ClCompile Include="src\systems\light_system.cpp">
      <Filter>src\systems</Filter>
    </ClCompile>
    <ClCompile Include="src\systems\motion_system.cpp">
      <Filter>src\systems</Filter>
    </ClCompile>
    <ClCompile Include="src\systems\render_system.cpp">
      <Filter>src\systems</Filter>
    </ClCompile>
    <ClCompile Include="src\systems\shadow_system.cpp">
      <Filter>src\systems</Filter>
    </ClCompile>
    <ClCompile Include="src\controllers\app.cpp">
      <Filter>src\controllers</Filter>
    </ClCompile>
    <ClCompile Include="src\controllers\mesh_manager.cpp">
      <Filter>src\controllers</Filter>
    </ClCompile>
    <ClCompile Include="src\systems\line_system.cpp">
      <Filter>src\systems</Filter>
    </ClCompile>
    <ClCompile Include="src\loaders\loaderRaw.cpp">
      <Filter>src\loaders</Filter>
    </ClCompile>
    <ClCompile Include="src\loaders\loaderJSON.cpp">
      <Filter>src\loaders</Filter>
    </ClCompile>
    <ClCompile Include="src\loaders\loader.cpp">
      <Filter>src\loaders</Filter>
    </ClCompile>
    <ClCompile Include="src\savers\saver.cpp">
      <Filter>src\savers</Filter>
    </ClCompile>
    <ClCompile Include="src\savers\saverJSON.cpp">
      <Filter>src\savers</Filter>
    </ClCompile>
    <ClCompile Include="src\controllers\imgui_manager.cpp">
      <Filter>src\controllers</Filter>
    </ClCompile>
    <ClCompile Include="src\controllers\entity_manager.cpp">
      <Filter>src\controllers</Filter>
    </ClCompile>
    <ClCompile Include="src\controllers\system_manager.cpp">
      <Filter>src\controllers</Filter>
    </ClCompile>
    <ClCompile Include="src\controllers\input_manager.cpp">
      <Filter>src\controllers</Filter>
    </ClCompile>
  </ItemGroup>
  <ItemGroup>
    <ClInclude Include="src\config.h">
      <Filter>src</Filter>
    </ClInclude>
    <ClInclude Include="src\view\shader.h">
      <Filter>src\view</Filter>
    </ClInclude>
    <ClInclude Include="src\systems\camera_system.h">
      <Filter>src\systems</Filter>
    </ClInclude>
    <ClInclude Include="src\systems\light_system.h">
      <Filter>src\systems</Filter>
    </ClInclude>
    <ClInclude Include="src\systems\motion_system.h">
      <Filter>src\systems</Filter>
    </ClInclude>
    <ClInclude Include="src\systems\render_system.h">
      <Filter>src\systems</Filter>
    </ClInclude>
    <ClInclude Include="src\systems\shadow_system.h">
      <Filter>src\systems</Filter>
    </ClInclude>
    <ClInclude Include="src\controllers\app.h">
      <Filter>src\controllers</Filter>
    </ClInclude>
    <ClInclude Include="src\controllers\mesh_manager.h">
      <Filter>src\controllers</Filter>
    </ClInclude>
    <ClInclude Include="src\components\camera_component.h">
      <Filter>src\components</Filter>
    </ClInclude>
    <ClInclude Include="src\components\light_component.h">
      <Filter>src\components</Filter>
    </ClInclude>
    <ClInclude Include="src\components\physics_component.h">
      <Filter>src\components</Filter>
    </ClInclude>
    <ClInclude Include="src\components\render_component.h">
      <Filter>src\components</Filter>
    </ClInclude>
    <ClInclude Include="src\components\transform_component.h">
      <Filter>src\components</Filter>
    </ClInclude>
    <ClInclude Include="src\systems\line_system.h">
      <Filter>src\systems</Filter>
    </ClInclude>
    <ClInclude Include="src\loaders\loader.h">
      <Filter>src\loaders</Filter>
    </ClInclude>
    <ClInclude Include="src\loaders\loaderRaw.h">
      <Filter>src\loaders</Filter>
    </ClInclude>
    <ClInclude Include="src\loaders\loaderJSON.h">
      <Filter>src\loaders</Filter>
    </ClInclude>
    <ClInclude Include="src\loaders\json.hpp">
      <Filter>src\loaders</Filter>
    </ClInclude>
    <ClInclude Include="src\components\static_physics_component.h">
      <Filter>src\components</Filter>
    </ClInclude>
    <ClInclude Include="src\savers\saver.h">
      <Filter>src\savers</Filter>
    </ClInclude>
    <ClInclude Include="src\savers\saverJSON.h">
      <Filter>src\savers</Filter>
    </ClInclude>
    <ClInclude Include="src\controllers\imgui_manager.h">
      <Filter>src\controllers</Filter>
    </ClInclude>
    <ClInclude Include="src\controllers\entity_manager.h">
      <Filter>src\controllers</Filter>
    </ClInclude>
    <ClInclude Include="src\controllers\system_manager.h">
      <Filter>src\controllers</Filter>
    </ClInclude>
    <ClInclude Include="src\controllers\input_manager.h">
      <Filter>src\controllers</Filter>
    </ClInclude>
  </ItemGroup>
  <ItemGroup>
    <None Include="shaders\shader.frag">
      <Filter>shaders</Filter>
    </None>
    <None Include="shaders\shader.vert">
      <Filter>shaders</Filter>
    </None>
    <None Include="shaders\shadowShader.frag">
      <Filter>shaders</Filter>
    </None>
    <None Include="shaders\shadowShader.vert">
      <Filter>shaders</Filter>
    </None>
    <None Include="shaders\depthMap.vert">
      <Filter>shaders</Filter>
    </None>
    <None Include="shaders\depthMap.frag">
      <Filter>shaders</Filter>
    </None>
  </ItemGroup>
  <ItemGroup>
    <Filter Include="src">
      <UniqueIdentifier>{b3a12918-e247-4b84-b1d1-028193d2dbf4}</UniqueIdentifier>
    </Filter>
    <Filter Include="src\view">
      <UniqueIdentifier>{ada97138-5d26-4bf9-9a07-5e6b1802cc37}</UniqueIdentifier>
    </Filter>
    <Filter Include="src\systems">
      <UniqueIdentifier>{00a2ba7d-1ce4-4a17-bc9f-68305656ae91}</UniqueIdentifier>
    </Filter>
    <Filter Include="src\controllers">
      <UniqueIdentifier>{a5eea581-c6c4-4e92-8ffb-4fad24058b4a}</UniqueIdentifier>
    </Filter>
    <Filter Include="src\components">
      <UniqueIdentifier>{1c66840f-d98f-4fee-98db-e7c6bf8d42dd}</UniqueIdentifier>
    </Filter>
    <Filter Include="shaders">
      <UniqueIdentifier>{8f13d138-5c43-4ed7-9cb1-bc09aaac8ddb}</UniqueIdentifier>
    </Filter>
    <Filter Include="tex">
      <UniqueIdentifier>{b6e41553-143c-4e2e-ac32-a7d82cf1b3e3}</UniqueIdentifier>
    </Filter>
    <Filter Include="src\loaders">
      <UniqueIdentifier>{2de84cf5-039c-4dd3-ac06-6652bd426e20}</UniqueIdentifier>
    </Filter>
    <Filter Include="src\savers">
      <UniqueIdentifier>{98832339-f8d8-4bb2-a269-937133e16015}</UniqueIdentifier>
    </Filter>
  </ItemGroup>
  <ItemGroup>
    <Image Include="tex\basetex.png">
      <Filter>tex</Filter>
    </Image>
  </ItemGroup>
</Project>